<Solution>
  <Folder Name="/src/">
    <Project Path="src/ardalis-cli/ardalis.csproj" />
  </Folder>
  <Folder Name="/tests/">
    <Project Path="tests/Ardalis.Cli.Tests/Ardalis.Cli.Tests.csproj" />
  </Folder>
  <Folder Name="/_sln/">
    <File Path="README.md" />
    <File Path="CONTRIBUTING.md" />
    <File Path=".gitignore" />
  </Folder>
</Solution>
